
Microsoft Visual Studio Solution File, Format Version 12.00
# Visual Studio 2017
Project("{FAE04EC0-301F-11D3-BF4B-00C04F79EFBC}") = "Undecied Major.Plugins", "Undecied Major.Plugins.csproj", "{35091C03-F112-5F53-0C5A-51E9FFEF7696}"
EndProject
Project("{FAE04EC0-301F-11D3-BF4B-00C04F79EFBC}") = "Undecied Major.Editor.Plugins", "Undecied Major.Editor.Plugins.csproj", "{E3BE832C-ED27-9961-EBCF-BDCAC08DCFB4}"
EndProject
Global
	GlobalSection(SolutionConfigurationPlatforms) = preSolution
		Debug|Any CPU = Debug|Any CPU
		Release|Any CPU = Release|Any CPU
	EndGlobalSection
	GlobalSection(ProjectConfigurationPlatforms) = postSolution
		{35091C03-F112-5F53-0C5A-51E9FFEF7696}.Debug|Any CPU.ActiveCfg = Debug|Any CPU
		{35091C03-F112-5F53-0C5A-51E9FFEF7696}.Debug|Any CPU.Build.0 = Debug|Any CPU
		{35091C03-F112-5F53-0C5A-51E9FFEF7696}.Release|Any CPU.ActiveCfg = Release|Any CPU
		{35091C03-F112-5F53-0C5A-51E9FFEF7696}.Release|Any CPU.Build.0 = Release|Any CPU
		{E3BE832C-ED27-9961-EBCF-BDCAC08DCFB4}.Debug|Any CPU.ActiveCfg = Debug|Any CPU
		{E3BE832C-ED27-9961-EBCF-BDCAC08DCFB4}.Debug|Any CPU.Build.0 = Debug|Any CPU
		{E3BE832C-ED27-9961-EBCF-BDCAC08DCFB4}.Release|Any CPU.ActiveCfg = Release|Any CPU
		{E3BE832C-ED27-9961-EBCF-BDCAC08DCFB4}.Release|Any CPU.Build.0 = Release|Any CPU
	EndGlobalSection
	GlobalSection(SolutionProperties) = preSolution
		HideSolutionNode = FALSE
	EndGlobalSection
EndGlobal
